# THIS IS AN AUTOGENERATED FILE. DO NOT EDIT THIS FILE DIRECTLY.
# yarn lockfile v1


"@cspotcode/source-map-support@^0.8.0":
  version "0.8.1"
  resolved "https://registry.npmmirror.com/@cspotcode/source-map-support/-/source-map-support-0.8.1.tgz#00629c35a688e05a88b1cda684fb9d5e73f000a1"
  integrity sha512-IchNf6dN4tHoMFIn/7OE8LWZ19Y6q/67Bmf6vnGREv8RSbBVb9LPJxEcnwrcwX6ixSvaiGoomAUvu4YSxXrVgw==
  dependencies:
    "@jridgewell/trace-mapping" "0.3.9"

"@exodus/schemasafe@^1.0.0-rc.2":
  version "1.3.0"
  resolved "https://registry.npmmirror.com/@exodus/schemasafe/-/schemasafe-1.3.0.tgz#731656abe21e8e769a7f70a4d833e6312fe59b7f"
  integrity sha512-5Aap/GaRupgNx/feGBwLLTVv8OQFfv3pq2lPRzPg9R+IOBnDgghTGW7l7EuVXOvg5cc/xSAlRW8rBrjIC3Nvqw==

"@jridgewell/resolve-uri@^3.0.3":
  version "3.1.2"
  resolved "https://registry.npmmirror.com/@jridgewell/resolve-uri/-/resolve-uri-3.1.2.tgz#7a0ee601f60f99a20c7c7c5ff0c80388c1189bd6"
  integrity sha512-bRISgCIjP20/tbWSPWMEi54QVPRZExkuD9lJL+UIxUKtwVJA8wW1Trb1jMs1RFXo1CBTNZ/5hpC9QvmKWdopKw==

"@jridgewell/sourcemap-codec@^1.4.10":
  version "1.5.0"
  resolved "https://registry.npmmirror.com/@jridgewell/sourcemap-codec/-/sourcemap-codec-1.5.0.tgz#3188bcb273a414b0d215fd22a58540b989b9409a"
  integrity sha512-gv3ZRaISU3fjPAgNsriBRqGWQL6quFx04YMPW/zD8XMLsU32mhCCbfbO6KZFLjvYpCZ8zyDEgqsgf+PwPaM7GQ==

"@jridgewell/trace-mapping@0.3.9":
  version "0.3.9"
  resolved "https://registry.npmmirror.com/@jridgewell/trace-mapping/-/trace-mapping-0.3.9.tgz#6534fd5933a53ba7cbf3a17615e273a0d1273ff9"
  integrity sha512-3Belt6tdc8bPgAtbcmdtNJlirVoTmEb5e2gC94PnkwEW9jI6CAHUeoG85tjWP5WquqfavoMtMwiG4P926ZKKuQ==
  dependencies:
    "@jridgewell/resolve-uri" "^3.0.3"
    "@jridgewell/sourcemap-codec" "^1.4.10"

"@oxc-parser/binding-darwin-arm64@0.36.0":
  version "0.36.0"
  resolved "https://registry.npmmirror.com/@oxc-parser/binding-darwin-arm64/-/binding-darwin-arm64-0.36.0.tgz#b864b4392ed245ecba1b476d0889835d6b226922"
  integrity sha512-i49m1L++ZAeAjNob5qho2ir3nflhIzgQl9hsFvmMBzG+we4OKseGlUAd/nEXJ2XnNvu1TEi/EocsE9XgWM5xlg==

"@oxc-parser/binding-darwin-x64@0.36.0":
  version "0.36.0"
  resolved "https://registry.npmmirror.com/@oxc-parser/binding-darwin-x64/-/binding-darwin-x64-0.36.0.tgz#49b6722404fa8880598aed1f6cf134881bf5003c"
  integrity sha512-+UYnDyItrh76gp7JNiTwCYyipwD1f1GkXlVkFt7L4y8GI2nMkTsvS1kUrYVsZTi33GHq4d7janrEN9HUTHqfGg==

"@oxc-parser/binding-linux-arm64-gnu@0.36.0":
  version "0.36.0"
  resolved "https://registry.npmmirror.com/@oxc-parser/binding-linux-arm64-gnu/-/binding-linux-arm64-gnu-0.36.0.tgz#c894ab21da51cd1d106085a9fc0419bdb33a82cd"
  integrity sha512-ZZXcl9FD77EbAENTpYXCYr/zZS1Ab+qomiKIhXVRC1PXIP8qqcYpFl2NtrJHKy0ScIqNHYjzB2F9pj84howN3w==

"@oxc-parser/binding-linux-arm64-musl@0.36.0":
  version "0.36.0"
  resolved "https://registry.npmmirror.com/@oxc-parser/binding-linux-arm64-musl/-/binding-linux-arm64-musl-0.36.0.tgz#86c2c10a26e2f05605001d5e8c8ed20c51d74357"
  integrity sha512-2PqTw3uiazv4vp8pGSNWDAp8DSHAxFPh3rIub5colRlu4lLGZJNXm9fgFIp0fS5Z6BFYyhnYzWNZm8bc0q2tYA==

"@oxc-parser/binding-linux-x64-gnu@0.36.0":
  version "0.36.0"
  resolved "https://registry.npmmirror.com/@oxc-parser/binding-linux-x64-gnu/-/binding-linux-x64-gnu-0.36.0.tgz#82d9457add4fe1e45f9101cbc3bca4be907bf365"
  integrity sha512-kmRgQj/48VaBf4R9P0ccZdpgepz4F2k7nJgg5L+oPenrJhnZeD9eUzImBlN27XcpBZhDxsvj7jOTp5xSVZ7E/Q==

"@oxc-parser/binding-linux-x64-musl@0.36.0":
  version "0.36.0"
  resolved "https://registry.npmmirror.com/@oxc-parser/binding-linux-x64-musl/-/binding-linux-x64-musl-0.36.0.tgz#8d5622de391dd7b797a3b8296e1650097942a4ad"
  integrity sha512-hxpR0DdK2Zm6Gt3m/bqVLw4nZJdzkr5SsPc6sv0rPtsABx8Q6zxAf300+9mWxUm/Bf4hGHoWsCWFgWN0n87dBA==

"@oxc-parser/binding-win32-arm64-msvc@0.36.0":
  version "0.36.0"
  resolved "https://registry.npmmirror.com/@oxc-parser/binding-win32-arm64-msvc/-/binding-win32-arm64-msvc-0.36.0.tgz#ed0d48b5da83c6767a6e8d1c1584f85c6b194d20"
  integrity sha512-IsarNWJhsbtARGa/7L2X2FfJt3mdQVH/CASWv99SowVaO62kLZ1lYHtU2Ps0F8dzfCwQUsWo5XnDtmfhd5nAkw==

"@oxc-parser/binding-win32-x64-msvc@0.36.0":
  version "0.36.0"
  resolved "https://registry.npmmirror.com/@oxc-parser/binding-win32-x64-msvc/-/binding-win32-x64-msvc-0.36.0.tgz#2946692d516074fd825d79af1e4a798840eca4bf"
  integrity sha512-NSlWyqWtmWA78nPWRWWzc4W6A8zY0YdX2yjbGg5PnEMiTXrW7NdVTyXdffX59ERDxtC3BT6E78e/sKS9u983pQ==

"@oxc-project/types@^0.36.0":
  version "0.36.0"
  resolved "https://registry.npmmirror.com/@oxc-project/types/-/types-0.36.0.tgz#314465677a97447a2220e0965001bdf6e8c7eeac"
  integrity sha512-VAv7ANBGE6glvOX5PEhGcca8hqBeGGDXt3xfPApZg7GhkrvbI8YCf01HojlpdIewixN2rnNpfO6cFgHS6Ixe5A==

"@oxc-transform/binding-darwin-arm64@0.36.0":
  version "0.36.0"
  resolved "https://registry.npmmirror.com/@oxc-transform/binding-darwin-arm64/-/binding-darwin-arm64-0.36.0.tgz#ad5064402ab788660d52f752aa0afd356e2ae4fc"
  integrity sha512-RBY/FiVfM7iiHcJGxmIkgytz0HFYoxSpxyhcOx+olp2kw4oEl0E+H57twp9qmrFwGWQj3kSpNoKaoIaEY+lA/Q==

"@oxc-transform/binding-darwin-x64@0.36.0":
  version "0.36.0"
  resolved "https://registry.npmmirror.com/@oxc-transform/binding-darwin-x64/-/binding-darwin-x64-0.36.0.tgz#b672ff842b824e48d7e09aa844c1ddbd685be2d8"
  integrity sha512-Rr6/ReE0k/RblqZGpmEzhKEeVkHOLARP5IGHdU5GOtM8SpVvxJT2Fg3IIAGbG43TIClyyGmWeH8JYOSdPRFhaA==

"@oxc-transform/binding-linux-arm64-gnu@0.36.0":
  version "0.36.0"
  resolved "https://registry.npmmirror.com/@oxc-transform/binding-linux-arm64-gnu/-/binding-linux-arm64-gnu-0.36.0.tgz#9483745d844b4e3a3da719f4c3ea86732676781f"
  integrity sha512-RhI3QGg9Q/mrxF5iCz9KlsKI0MevV7uX4ba5cmYK4QgxnHt7f0FOL13H5wjngsvri02iP42UYQLkxPZPrtbnhA==

"@oxc-transform/binding-linux-arm64-musl@0.36.0":
  version "0.36.0"
  resolved "https://registry.npmmirror.com/@oxc-transform/binding-linux-arm64-musl/-/binding-linux-arm64-musl-0.36.0.tgz#97e1e2f5167767410a27aa43bc873d837a49376f"
  integrity sha512-75YcxxZ8hvFevmdCHqiy8Uc+TfLbJ9tXT2BMbPt+bgALM1k3tUx4Jj5XptIM7V7C6HOFT2tHHbQg4ZRQOT95cw==

"@oxc-transform/binding-linux-x64-gnu@0.36.0":
  version "0.36.0"
  resolved "https://registry.npmmirror.com/@oxc-transform/binding-linux-x64-gnu/-/binding-linux-x64-gnu-0.36.0.tgz#0e1c66026441d65d88eeff2808d6ffe3b475a314"
  integrity sha512-Gl8BuRz16t0gtP5PkyikeIzmn+pNUfSeqxcQQnBW3tSNBkmBKSC1rN8P5cfxT1GMHJ+N0MFHGvAKjC4Q/f2KCw==

"@oxc-transform/binding-linux-x64-musl@0.36.0":
  version "0.36.0"
  resolved "https://registry.npmmirror.com/@oxc-transform/binding-linux-x64-musl/-/binding-linux-x64-musl-0.36.0.tgz#fa6513251cec46e5f1455508e1728a5454e0502c"
  integrity sha512-hzBLA+5LW6wln+QVgv0r7jHlzscNl+AYUsbDpFq7hFIkC06SR9pg2x2arRoTcemVD0pMfcvPQuXVeuYfaOktSA==

"@oxc-transform/binding-win32-arm64-msvc@0.36.0":
  version "0.36.0"
  resolved "https://registry.npmmirror.com/@oxc-transform/binding-win32-arm64-msvc/-/binding-win32-arm64-msvc-0.36.0.tgz#3a8d6b1641bc25d161207481657002ddb990ae91"
  integrity sha512-+xyLEwyiwdyO8FKpugo+C7jzfmQ3e2WtiOVXJO4W4RWC2W+JvV5rlZCfQfl6nmKzOR59qqADzD6orynbUCZj+g==

"@oxc-transform/binding-win32-x64-msvc@0.36.0":
  version "0.36.0"
  resolved "https://registry.npmmirror.com/@oxc-transform/binding-win32-x64-msvc/-/binding-win32-x64-msvc-0.36.0.tgz#3c2d3fa04f798fb47adc32263f92de4b41a016ac"
  integrity sha512-AEfyV3bjw10vOMehUhpiPVC70hD7MMZVnJy6AObwfJCPgNvHcTWOSD5/kPAuKyjcbQ476o+cUvLXLprHFZFCTA==

"@tsconfig/node10@^1.0.7":
  version "1.0.11"
  resolved "https://registry.npmmirror.com/@tsconfig/node10/-/node10-1.0.11.tgz#6ee46400685f130e278128c7b38b7e031ff5b2f2"
  integrity sha512-DcRjDCujK/kCk/cUe8Xz8ZSpm8mS3mNNpta+jGCA6USEDfktlNvm1+IuZ9eTcDbNk41BHwpHHeW+N1lKCz4zOw==

"@tsconfig/node12@^1.0.7":
  version "1.0.11"
  resolved "https://registry.npmmirror.com/@tsconfig/node12/-/node12-1.0.11.tgz#ee3def1f27d9ed66dac6e46a295cffb0152e058d"
  integrity sha512-cqefuRsh12pWyGsIoBKJA9luFu3mRxCA+ORZvA4ktLSzIuCUtWVxGIuXigEwO5/ywWFMZ2QEGKWvkZG1zDMTag==

"@tsconfig/node14@^1.0.0":
  version "1.0.3"
  resolved "https://registry.npmmirror.com/@tsconfig/node14/-/node14-1.0.3.tgz#e4386316284f00b98435bf40f72f75a09dabf6c1"
  integrity sha512-ysT8mhdixWK6Hw3i1V2AeRqZ5WfXg1G43mqoYlM2nc6388Fq5jcXyr5mRsqViLx/GJYdoL0bfXD8nmF+Zn/Iow==

"@tsconfig/node16@^1.0.2":
  version "1.0.4"
  resolved "https://registry.npmmirror.com/@tsconfig/node16/-/node16-1.0.4.tgz#0b92dcc0cc1c81f6f306a381f28e31b1a56536e9"
  integrity sha512-vxhUy4J8lyeyinH7Azl1pdd43GJhZH/tP2weN8TntQblOY+A0XbT8DJk1/oCPuOOyg/Ja757rG0CgHcWC8OfMA==

"@types/fs-extra@^11.0.4":
  version "11.0.4"
  resolved "https://registry.npmmirror.com/@types/fs-extra/-/fs-extra-11.0.4.tgz#e16a863bb8843fba8c5004362b5a73e17becca45"
  integrity sha512-yTbItCNreRooED33qjunPthRcSjERP1r4MqCZc7wv0u2sUkzTFp45tgUfS5+r7FrZPdmCCNflLhVSP/o+SemsQ==
  dependencies:
    "@types/jsonfile" "*"
    "@types/node" "*"

"@types/json-schema@^7.0.15":
  version "7.0.15"
  resolved "https://registry.npmmirror.com/@types/json-schema/-/json-schema-7.0.15.tgz#596a1747233694d50f6ad8a7869fcb6f56cf5841"
  integrity sha512-5+fP8P8MFNC+AyZCDxrB2pkZFPGzqQWUzpSeuuVLvm8VMcorNYavBqoFcxK8bQz4Qsbn4oUEEem4wDLfcysGHA==

"@types/jsonfile@*":
  version "6.1.4"
  resolved "https://registry.npmmirror.com/@types/jsonfile/-/jsonfile-6.1.4.tgz#614afec1a1164e7d670b4a7ad64df3e7beb7b702"
  integrity sha512-D5qGUYwjvnNNextdU59/+fI+spnwtTFmyQP0h+PfIOSkNfpU6AOICUOkm4i0OnSk+NyjdPJrxCDro0sJsWlRpQ==
  dependencies:
    "@types/node" "*"

"@types/node@*":
  version "22.10.1"
  resolved "https://registry.npmmirror.com/@types/node/-/node-22.10.1.tgz#41ffeee127b8975a05f8c4f83fb89bcb2987d766"
  integrity sha512-qKgsUwfHZV2WCWLAnVP1JqnpE6Im6h3Y0+fYgMTasNQ7V++CBX5OT1as0g0f+OyubbFqhf6XVNIsmN4IIhEgGQ==
  dependencies:
    undici-types "~6.20.0"

"@types/swagger2openapi@^7.0.4":
  version "7.0.4"
  resolved "https://registry.npmmirror.com/@types/swagger2openapi/-/swagger2openapi-7.0.4.tgz#56723c4184c067a70f2cd47f7607e5330770dded"
  integrity sha512-ffMqzciTDihOKH4Q//9Ond1yb5JP1P5FC/aFPsLK4blea1Fwk2aYctiNCkAh5etDYFswFXS+5LV/vuGkf+PU6A==
  dependencies:
    "@types/node" "*"
    openapi-types "^12.1.0"

acorn-walk@^8.1.1:
  version "8.3.4"
  resolved "https://registry.npmmirror.com/acorn-walk/-/acorn-walk-8.3.4.tgz#794dd169c3977edf4ba4ea47583587c5866236b7"
  integrity sha512-ueEepnujpqee2o5aIYnvHU6C0A42MNdsIDeqy5BydrkuC5R1ZuUFnm27EeFJGoEHJQgn3uleRvmTXaJgfXbt4g==
  dependencies:
    acorn "^8.11.0"

acorn@^8.11.0, acorn@^8.4.1:
  version "8.14.0"
  resolved "https://registry.npmmirror.com/acorn/-/acorn-8.14.0.tgz#063e2c70cac5fb4f6467f0b11152e04c682795b0"
  integrity sha512-cl669nCJTZBsL97OF4kUQm5g5hC2uihk0NxY3WENAC0TYdILVkAyHymAntgxGkl7K+t0cXIrH5siy5S4XkFycA==

ansi-regex@^5.0.1:
  version "5.0.1"
  resolved "https://registry.npmmirror.com/ansi-regex/-/ansi-regex-5.0.1.tgz#082cb2c89c9fe8659a311a53bd6a4dc5301db304"
  integrity sha512-quJQXlTSUGL2LH9SUXo8VwsY4soanhgo6LNSm84E1LBcE8s3O0wpdiRzyR9z/ZZJMlMWv37qOOb9pdJlMUEKFQ==

ansi-styles@^4.0.0:
  version "4.3.0"
  resolved "https://registry.npmmirror.com/ansi-styles/-/ansi-styles-4.3.0.tgz#edd803628ae71c04c85ae7a0906edad34b648937"
  integrity sha512-zbB9rCJAT1rbjiVDb2hqKFHNYLxgtk8NURxZ3IZwD3F6NtxbXZQCnnSi1Lkx+IDohdPlFp222wVALIheZJQSEg==
  dependencies:
    color-convert "^2.0.1"

arg@^4.1.0:
  version "4.1.3"
  resolved "https://registry.npmmirror.com/arg/-/arg-4.1.3.tgz#269fc7ad5b8e42cb63c896d5666017261c144089"
  integrity sha512-58S9QDqG0Xx27YwPSt9fJxivjYl432YCwfDMfZ+71RAqUrZef7LrKQZ3LHLOwCS4FLNBplP533Zx895SeOCHvA==

call-me-maybe@^1.0.1:
  version "1.0.2"
  resolved "https://registry.npmmirror.com/call-me-maybe/-/call-me-maybe-1.0.2.tgz#03f964f19522ba643b1b0693acb9152fe2074baa"
  integrity sha512-HpX65o1Hnr9HH25ojC1YGs7HCQLq0GCOibSaWER0eNpgJ/Z1MZv2mTc7+xh6WOPxbRVcmgbv4hGU+uSQ/2xFZQ==

cliui@^8.0.1:
  version "8.0.1"
  resolved "https://registry.npmmirror.com/cliui/-/cliui-8.0.1.tgz#0c04b075db02cbfe60dc8e6cf2f5486b1a3608aa"
  integrity sha512-BSeNnyus75C4//NQ9gQt1/csTXyo/8Sb+afLAkzAptFuMsod9HFokGNudZpi/oQV73hnVK+sR+5PVRMd+Dr7YQ==
  dependencies:
    string-width "^4.2.0"
    strip-ansi "^6.0.1"
    wrap-ansi "^7.0.0"

color-convert@^2.0.1:
  version "2.0.1"
  resolved "https://registry.npmmirror.com/color-convert/-/color-convert-2.0.1.tgz#72d3a68d598c9bdb3af2ad1e84f21d896abd4de3"
  integrity sha512-RRECPsj7iu/xb5oKYcsFHSppFNnsj/52OVTRKb4zP5onXwVF3zVmmToNcOfGC+CRDpfK/U584fMg38ZHCaElKQ==
  dependencies:
    color-name "~1.1.4"

color-name@~1.1.4:
  version "1.1.4"
  resolved "https://registry.npmmirror.com/color-name/-/color-name-1.1.4.tgz#c2a09a87acbde69543de6f63fa3995c826c536a2"
  integrity sha512-dOy+3AuW3a2wNbZHIuMZpTcgjGuLU/uBL/ubcZF9OXbDo8ff4O8yVp5Bf0efS8uEoYo5q4Fx7dY9OgQGXgAsQA==

create-require@^1.1.0:
  version "1.1.1"
  resolved "https://registry.npmmirror.com/create-require/-/create-require-1.1.1.tgz#c1d7e8f1e5f6cfc9ff65f9cd352d37348756c333"
  integrity sha512-dcKFX3jn0MpIaXjisoRvexIJVEKzaq7z2rZKxf+MSr9TkdmHmsU4m2lcLojrj/FHl8mk5VxMmYA+ftRkP/3oKQ==

diff@^4.0.1:
  version "4.0.2"
  resolved "https://registry.npmmirror.com/diff/-/diff-4.0.2.tgz#60f3aecb89d5fae520c11aa19efc2bb982aade7d"
  integrity sha512-58lmxKSA4BNyLz+HHMUzlOEpg09FV+ev6ZMe3vJihgdxzgcwZ8VoEEPmALCZG9LmqfVoNMMKpttIYTVG6uDY7A==

emoji-regex@^8.0.0:
  version "8.0.0"
  resolved "https://registry.npmmirror.com/emoji-regex/-/emoji-regex-8.0.0.tgz#e818fd69ce5ccfcb404594f842963bf53164cc37"
  integrity sha512-MSjYzcWNOA0ewAHpz0MxpYFvwg6yjy1NG3xteoqz644VCo/RPgnr1/GGt+ic3iJTzQ8Eu3TdM14SawnVUmGE6A==

es6-promise@^3.2.1:
  version "3.3.1"
  resolved "https://registry.npmmirror.com/es6-promise/-/es6-promise-3.3.1.tgz#a08cdde84ccdbf34d027a1451bc91d4bcd28a613"
  integrity sha512-SOp9Phqvqn7jtEUxPWdWfWoLmyt2VaJ6MpvP9Comy1MceMXqE6bxvaTu4iaxpYYPzhny28Lc+M87/c2cPK6lDg==

escalade@^3.1.1:
  version "3.2.0"
  resolved "https://registry.npmmirror.com/escalade/-/escalade-3.2.0.tgz#011a3f69856ba189dffa7dc8fcce99d2a87903e5"
  integrity sha512-WUj2qlxaQtO4g6Pq5c29GTcWGDyd8itL8zTlipgECz3JesAiiOKotd8JU6otB3PACgG6xkJUyVhboMS+bje/jA==

fast-safe-stringify@^2.0.7:
  version "2.1.1"
  resolved "https://registry.npmmirror.com/fast-safe-stringify/-/fast-safe-stringify-2.1.1.tgz#c406a83b6e70d9e35ce3b30a81141df30aeba884"
  integrity sha512-W+KJc2dmILlPplD/H4K9l9LcAHAfPtP6BY84uVLXQ6Evcz9Lcg33Y2z1IVblT6xdY54PXYVHEv+0Wpq8Io6zkA==

fs-extra@^11.2.0:
  version "11.2.0"
  resolved "https://registry.npmmirror.com/fs-extra/-/fs-extra-11.2.0.tgz#e70e17dfad64232287d01929399e0ea7c86b0e5b"
  integrity sha512-PmDi3uwK5nFuXh7XDTlVnS17xJS7vW36is2+w3xcv8SVxiB4NyATf4ctkVY5bkSjX0Y4nbvZCq1/EjtEyr9ktw==
  dependencies:
    graceful-fs "^4.2.0"
    jsonfile "^6.0.1"
    universalify "^2.0.0"

get-caller-file@^2.0.5:
  version "2.0.5"
  resolved "https://registry.npmmirror.com/get-caller-file/-/get-caller-file-2.0.5.tgz#4f94412a82db32f36e3b0b9741f8a97feb031f7e"
  integrity sha512-DyFP3BM/3YHTQOCUL/w0OZHR0lpKeGrxotcHWcqNEdnltqFwXVfhEBQ94eIo34AfQpo0rGki4cyIiftY06h2Fg==

graceful-fs@^4.1.6, graceful-fs@^4.2.0:
  version "4.2.11"
  resolved "https://registry.npmmirror.com/graceful-fs/-/graceful-fs-4.2.11.tgz#4183e4e8bf08bb6e05bbb2f7d2e0c8f712ca40e3"
  integrity sha512-RbJ5/jmFcNNCcDV5o9eTnBLJ/HszWV0P73bc+Ff4nS/rJj+YaS6IGyiOL0VoBYX+l1Wrl3k63h/KrH+nhJ0XvQ==

http2-client@^1.2.5:
  version "1.3.5"
  resolved "https://registry.npmmirror.com/http2-client/-/http2-client-1.3.5.tgz#20c9dc909e3cc98284dd20af2432c524086df181"
  integrity sha512-EC2utToWl4RKfs5zd36Mxq7nzHHBuomZboI0yYL6Y0RmBgT7Sgkq4rQ0ezFTYoIsSs7Tm9SJe+o2FcAg6GBhGA==

is-fullwidth-code-point@^3.0.0:
  version "3.0.0"
  resolved "https://registry.npmmirror.com/is-fullwidth-code-point/-/is-fullwidth-code-point-3.0.0.tgz#f116f8064fe90b3f7844a38997c0b75051269f1d"
  integrity sha512-zymm5+u+sCsSWyD9qNaejV3DFvhCKclKdizYaJUuHA83RLjb7nSuGnddCHGv0hk+KY7BMAlsWeK4Ueg6EV6XQg==

json-schema@^0.4.0:
  version "0.4.0"
  resolved "https://registry.npmmirror.com/json-schema/-/json-schema-0.4.0.tgz#f7de4cf6efab838ebaeb3236474cbba5a1930ab5"
  integrity sha512-es94M3nTIfsEPisRafak+HDLfHXnKBhV3vU5eqPcS3flIWqcxJWgXHXiey3YrpaNsanY5ei1VoYEbOzijuq9BA==

jsonfile@^6.0.1:
  version "6.1.0"
  resolved "https://registry.npmmirror.com/jsonfile/-/jsonfile-6.1.0.tgz#bc55b2634793c679ec6403094eb13698a6ec0aae"
  integrity sha512-5dgndWOriYSm5cnYaJNhalLNDKOqFwyDB/rr1E9ZsGciGvKPs8R2xYGCacuf3z6K1YKDz182fd+fY3cn3pMqXQ==
  dependencies:
    universalify "^2.0.0"
  optionalDependencies:
    graceful-fs "^4.1.6"

make-error@^1.1.1:
  version "1.3.6"
  resolved "https://registry.npmmirror.com/make-error/-/make-error-1.3.6.tgz#2eb2e37ea9b67c4891f684a1394799af484cf7a2"
  integrity sha512-s8UhlNe7vPKomQhC1qFelMokr/Sc3AgNbso3n74mVPA5LTZwkB9NlXf4XPamLxJE8h0gh73rM94xvwRT2CVInw==

node-fetch-h2@^2.3.0:
  version "2.3.0"
  resolved "https://registry.npmmirror.com/node-fetch-h2/-/node-fetch-h2-2.3.0.tgz#c6188325f9bd3d834020bf0f2d6dc17ced2241ac"
  integrity sha512-ofRW94Ab0T4AOh5Fk8t0h8OBWrmjb0SSB20xh1H8YnPV9EJ+f5AMoYSUQ2zgJ4Iq2HAK0I2l5/Nequ8YzFS3Hg==
  dependencies:
    http2-client "^1.2.5"

node-fetch@^2.6.1:
  version "2.7.0"
  resolved "https://registry.npmmirror.com/node-fetch/-/node-fetch-2.7.0.tgz#d0f0fa6e3e2dc1d27efcd8ad99d550bda94d187d"
  integrity sha512-c4FRfUm/dbcWZ7U+1Wq0AwCyFL+3nt2bEw05wfxSz+DWpWsitgmSgYmy2dQdWyKC1694ELPqMs/YzUSNozLt8A==
  dependencies:
    whatwg-url "^5.0.0"

node-readfiles@^0.2.0:
  version "0.2.0"
  resolved "https://registry.npmmirror.com/node-readfiles/-/node-readfiles-0.2.0.tgz#dbbd4af12134e2e635c245ef93ffcf6f60673a5d"
  integrity sha512-SU00ZarexNlE4Rjdm83vglt5Y9yiQ+XI1XpflWlb7q7UTN1JUItm69xMeiQCTxtTfnzt+83T8Cx+vI2ED++VDA==
  dependencies:
    es6-promise "^3.2.1"

oas-kit-common@^1.0.8:
  version "1.0.8"
  resolved "https://registry.npmmirror.com/oas-kit-common/-/oas-kit-common-1.0.8.tgz#6d8cacf6e9097967a4c7ea8bcbcbd77018e1f535"
  integrity sha512-pJTS2+T0oGIwgjGpw7sIRU8RQMcUoKCDWFLdBqKB2BNmGpbBMH2sdqAaOXUg8OzonZHU0L7vfJu1mJFEiYDWOQ==
  dependencies:
    fast-safe-stringify "^2.0.7"

oas-linter@^3.2.2:
  version "3.2.2"
  resolved "https://registry.npmmirror.com/oas-linter/-/oas-linter-3.2.2.tgz#ab6a33736313490659035ca6802dc4b35d48aa1e"
  integrity sha512-KEGjPDVoU5K6swgo9hJVA/qYGlwfbFx+Kg2QB/kd7rzV5N8N5Mg6PlsoCMohVnQmo+pzJap/F610qTodKzecGQ==
  dependencies:
    "@exodus/schemasafe" "^1.0.0-rc.2"
    should "^13.2.1"
    yaml "^1.10.0"

oas-resolver@^2.5.6:
  version "2.5.6"
  resolved "https://registry.npmmirror.com/oas-resolver/-/oas-resolver-2.5.6.tgz#10430569cb7daca56115c915e611ebc5515c561b"
  integrity sha512-Yx5PWQNZomfEhPPOphFbZKi9W93CocQj18NlD2Pa4GWZzdZpSJvYwoiuurRI7m3SpcChrnO08hkuQDL3FGsVFQ==
  dependencies:
    node-fetch-h2 "^2.3.0"
    oas-kit-common "^1.0.8"
    reftools "^1.1.9"
    yaml "^1.10.0"
    yargs "^17.0.1"

oas-schema-walker@^1.1.5:
  version "1.1.5"
  resolved "https://registry.npmmirror.com/oas-schema-walker/-/oas-schema-walker-1.1.5.tgz#74c3cd47b70ff8e0b19adada14455b5d3ac38a22"
  integrity sha512-2yucenq1a9YPmeNExoUa9Qwrt9RFkjqaMAA1X+U7sbb0AqBeTIdMHky9SQQ6iN94bO5NW0W4TRYXerG+BdAvAQ==

oas-validator@^5.0.8:
  version "5.0.8"
  resolved "https://registry.npmmirror.com/oas-validator/-/oas-validator-5.0.8.tgz#387e90df7cafa2d3ffc83b5fb976052b87e73c28"
  integrity sha512-cu20/HE5N5HKqVygs3dt94eYJfBi0TsZvPVXDhbXQHiEityDN+RROTleefoKRKKJ9dFAF2JBkDHgvWj0sjKGmw==
  dependencies:
    call-me-maybe "^1.0.1"
    oas-kit-common "^1.0.8"
    oas-linter "^3.2.2"
    oas-resolver "^2.5.6"
    oas-schema-walker "^1.1.5"
    reftools "^1.1.9"
    should "^13.2.1"
    yaml "^1.10.0"

openapi-types@^12.1.0, openapi-types@^12.1.3:
  version "12.1.3"
  resolved "https://registry.npmmirror.com/openapi-types/-/openapi-types-12.1.3.tgz#471995eb26c4b97b7bd356aacf7b91b73e777dd3"
  integrity sha512-N4YtSYJqghVu4iek2ZUvcN/0aqH1kRDuNqzcycDxhOUpg7GdvLa2F3DgS6yBNhInhv2r/6I0Flkn7CqL8+nIcw==

oxc-parser@^0.36.0:
  version "0.36.0"
  resolved "https://registry.npmmirror.com/oxc-parser/-/oxc-parser-0.36.0.tgz#da9447cf4c4737a66229a193f365630d2b4267d3"
  integrity sha512-dcjn+8WvWVbIO0Bb0qAJcfq8JwdkbPflYyFBg3rcDb83awlXAQLnhZuheGUxuWEh18oQFAcxkgdUdObS6DvA7A==
  dependencies:
    "@oxc-project/types" "^0.36.0"
  optionalDependencies:
    "@oxc-parser/binding-darwin-arm64" "0.36.0"
    "@oxc-parser/binding-darwin-x64" "0.36.0"
    "@oxc-parser/binding-linux-arm64-gnu" "0.36.0"
    "@oxc-parser/binding-linux-arm64-musl" "0.36.0"
    "@oxc-parser/binding-linux-x64-gnu" "0.36.0"
    "@oxc-parser/binding-linux-x64-musl" "0.36.0"
    "@oxc-parser/binding-win32-arm64-msvc" "0.36.0"
    "@oxc-parser/binding-win32-x64-msvc" "0.36.0"

oxc-transform@^0.36.0:
  version "0.36.0"
  resolved "https://registry.npmmirror.com/oxc-transform/-/oxc-transform-0.36.0.tgz#22a08b3577c785af7a917ca0c00c3deb872d4429"
  integrity sha512-7HeVLsetdXh8/+oFPN3MWUbjVzN92H/TrfCNz1kkTM4+E2PfUzQlyqTijyesvm05Fv5p5VyMhRkvdFl4oeDqVw==
  optionalDependencies:
    "@oxc-transform/binding-darwin-arm64" "0.36.0"
    "@oxc-transform/binding-darwin-x64" "0.36.0"
    "@oxc-transform/binding-linux-arm64-gnu" "0.36.0"
    "@oxc-transform/binding-linux-arm64-musl" "0.36.0"
    "@oxc-transform/binding-linux-x64-gnu" "0.36.0"
    "@oxc-transform/binding-linux-x64-musl" "0.36.0"
    "@oxc-transform/binding-win32-arm64-msvc" "0.36.0"
    "@oxc-transform/binding-win32-x64-msvc" "0.36.0"

prettier@^3.3.3:
  version "3.4.2"
  resolved "https://registry.npmmirror.com/prettier/-/prettier-3.4.2.tgz#a5ce1fb522a588bf2b78ca44c6e6fe5aa5a2b13f"
  integrity sha512-e9MewbtFo+Fevyuxn/4rrcDAaq0IYxPGLvObpQjiZBMAzB9IGmzlnG9RZy3FFas+eBMu2vA0CszMeduow5dIuQ==

reftools@^1.1.9:
  version "1.1.9"
  resolved "https://registry.npmmirror.com/reftools/-/reftools-1.1.9.tgz#e16e19f662ccd4648605312c06d34e5da3a2b77e"
  integrity sha512-OVede/NQE13xBQ+ob5CKd5KyeJYU2YInb1bmV4nRoOfquZPkAkxuOXicSe1PvqIuZZ4kD13sPKBbR7UFDmli6w==

require-directory@^2.1.1:
  version "2.1.1"
  resolved "https://registry.npmmirror.com/require-directory/-/require-directory-2.1.1.tgz#8c64ad5fd30dab1c976e2344ffe7f792a6a6df42"
  integrity sha512-fGxEI7+wsG9xrvdjsrlmL22OMTTiHRwAMroiEeMgq8gzoLC/PQr7RsRDSTLUg/bZAZtF+TVIkHc6/4RIKrui+Q==

should-equal@^2.0.0:
  version "2.0.0"
  resolved "https://registry.npmmirror.com/should-equal/-/should-equal-2.0.0.tgz#6072cf83047360867e68e98b09d71143d04ee0c3"
  integrity sha512-ZP36TMrK9euEuWQYBig9W55WPC7uo37qzAEmbjHz4gfyuXrEUgF8cUvQVO+w+d3OMfPvSRQJ22lSm8MQJ43LTA==
  dependencies:
    should-type "^1.4.0"

should-format@^3.0.3:
  version "3.0.3"
  resolved "https://registry.npmmirror.com/should-format/-/should-format-3.0.3.tgz#9bfc8f74fa39205c53d38c34d717303e277124f1"
  integrity sha512-hZ58adtulAk0gKtua7QxevgUaXTTXxIi8t41L3zo9AHvjXO1/7sdLECuHeIN2SRtYXpNkmhoUP2pdeWgricQ+Q==
  dependencies:
    should-type "^1.3.0"
    should-type-adaptors "^1.0.1"

should-type-adaptors@^1.0.1:
  version "1.1.0"
  resolved "https://registry.npmmirror.com/should-type-adaptors/-/should-type-adaptors-1.1.0.tgz#401e7f33b5533033944d5cd8bf2b65027792e27a"
  integrity sha512-JA4hdoLnN+kebEp2Vs8eBe9g7uy0zbRo+RMcU0EsNy+R+k049Ki+N5tT5Jagst2g7EAja+euFuoXFCa8vIklfA==
  dependencies:
    should-type "^1.3.0"
    should-util "^1.0.0"

should-type@^1.3.0, should-type@^1.4.0:
  version "1.4.0"
  resolved "https://registry.npmmirror.com/should-type/-/should-type-1.4.0.tgz#0756d8ce846dfd09843a6947719dfa0d4cff5cf3"
  integrity sha512-MdAsTu3n25yDbIe1NeN69G4n6mUnJGtSJHygX3+oN0ZbO3DTiATnf7XnYJdGT42JCXurTb1JI0qOBR65shvhPQ==

should-util@^1.0.0:
  version "1.0.1"
  resolved "https://registry.npmmirror.com/should-util/-/should-util-1.0.1.tgz#fb0d71338f532a3a149213639e2d32cbea8bcb28"
  integrity sha512-oXF8tfxx5cDk8r2kYqlkUJzZpDBqVY/II2WhvU0n9Y3XYvAYRmeaf1PvvIvTgPnv4KJ+ES5M0PyDq5Jp+Ygy2g==

should@^13.2.1:
  version "13.2.3"
  resolved "https://registry.npmmirror.com/should/-/should-13.2.3.tgz#96d8e5acf3e97b49d89b51feaa5ae8d07ef58f10"
  integrity sha512-ggLesLtu2xp+ZxI+ysJTmNjh2U0TsC+rQ/pfED9bUZZ4DKefP27D+7YJVVTvKsmjLpIi9jAa7itwDGkDDmt1GQ==
  dependencies:
    should-equal "^2.0.0"
    should-format "^3.0.3"
    should-type "^1.4.0"
    should-type-adaptors "^1.0.1"
    should-util "^1.0.0"

string-width@^4.1.0, string-width@^4.2.0, string-width@^4.2.3:
  version "4.2.3"
  resolved "https://registry.npmmirror.com/string-width/-/string-width-4.2.3.tgz#269c7117d27b05ad2e536830a8ec895ef9c6d010"
  integrity sha512-wKyQRQpjJ0sIp62ErSZdGsjMJWsap5oRNihHhu6G7JVO/9jIB6UyevL+tXuOqrng8j/cxKTWyWUwvSTriiZz/g==
  dependencies:
    emoji-regex "^8.0.0"
    is-fullwidth-code-point "^3.0.0"
    strip-ansi "^6.0.1"

strip-ansi@^6.0.0, strip-ansi@^6.0.1:
  version "6.0.1"
  resolved "https://registry.npmmirror.com/strip-ansi/-/strip-ansi-6.0.1.tgz#9e26c63d30f53443e9489495b2105d37b67a85d9"
  integrity sha512-Y38VPSHcqkFrCpFnQ9vuSXmquuv5oXOKpGeT6aGrr3o3Gc9AlVa6JBfUSOCnbxGGZF+/0ooI7KrPuUSztUdU5A==
  dependencies:
    ansi-regex "^5.0.1"

swagger2openapi@^7.0.8:
  version "7.0.8"
  resolved "https://registry.npmmirror.com/swagger2openapi/-/swagger2openapi-7.0.8.tgz#12c88d5de776cb1cbba758994930f40ad0afac59"
  integrity sha512-upi/0ZGkYgEcLeGieoz8gT74oWHA0E7JivX7aN9mAf+Tc7BQoRBvnIGHoPDw+f9TXTW4s6kGYCZJtauP6OYp7g==
  dependencies:
    call-me-maybe "^1.0.1"
    node-fetch "^2.6.1"
    node-fetch-h2 "^2.3.0"
    node-readfiles "^0.2.0"
    oas-kit-common "^1.0.8"
    oas-resolver "^2.5.6"
    oas-schema-walker "^1.1.5"
    oas-validator "^5.0.8"
    reftools "^1.1.9"
    yaml "^1.10.0"
    yargs "^17.0.1"

tr46@~0.0.3:
  version "0.0.3"
  resolved "https://registry.npmmirror.com/tr46/-/tr46-0.0.3.tgz#8184fd347dac9cdc185992f3a6622e14b9d9ab6a"
  integrity sha512-N3WMsuqV66lT30CrXNbEjx4GEwlow3v6rr4mCcv6prnfwhS01rkgyFdjPNBYd9br7LpXV1+Emh01fHnq2Gdgrw==

ts-node@^10.9.2:
  version "10.9.2"
  resolved "https://registry.npmmirror.com/ts-node/-/ts-node-10.9.2.tgz#70f021c9e185bccdca820e26dc413805c101c71f"
  integrity sha512-f0FFpIdcHgn8zcPSbf1dRevwt047YMnaiJM3u2w2RewrB+fob/zePZcrOyQoLMMO7aBIddLcQIEK5dYjkLnGrQ==
  dependencies:
    "@cspotcode/source-map-support" "^0.8.0"
    "@tsconfig/node10" "^1.0.7"
    "@tsconfig/node12" "^1.0.7"
    "@tsconfig/node14" "^1.0.0"
    "@tsconfig/node16" "^1.0.2"
    acorn "^8.4.1"
    acorn-walk "^8.1.1"
    arg "^4.1.0"
    create-require "^1.1.0"
    diff "^4.0.1"
    make-error "^1.1.1"
    v8-compile-cache-lib "^3.0.1"
    yn "3.1.1"

typescript@^5.6.3:
  version "5.7.2"
  resolved "https://registry.npmmirror.com/typescript/-/typescript-5.7.2.tgz#3169cf8c4c8a828cde53ba9ecb3d2b1d5dd67be6"
  integrity sha512-i5t66RHxDvVN40HfDd1PsEThGNnlMCMT3jMUuoh9/0TaqWevNontacunWyN02LA9/fIbEWlcHZcgTKb9QoaLfg==

undici-types@~6.20.0:
  version "6.20.0"
  resolved "https://registry.npmmirror.com/undici-types/-/undici-types-6.20.0.tgz#8171bf22c1f588d1554d55bf204bc624af388433"
  integrity sha512-Ny6QZ2Nju20vw1SRHe3d9jVu6gJ+4e3+MMpqu7pqE5HT6WsTSlce++GQmK5UXS8mzV8DSYHrQH+Xrf2jVcuKNg==

universalify@^2.0.0:
  version "2.0.1"
  resolved "https://registry.npmmirror.com/universalify/-/universalify-2.0.1.tgz#168efc2180964e6386d061e094df61afe239b18d"
  integrity sha512-gptHNQghINnc/vTGIk0SOFGFNXw7JVrlRUtConJRlvaw6DuX0wO5Jeko9sWrMBhh+PsYAZ7oXAiOnf/UKogyiw==

v8-compile-cache-lib@^3.0.1:
  version "3.0.1"
  resolved "https://registry.npmmirror.com/v8-compile-cache-lib/-/v8-compile-cache-lib-3.0.1.tgz#6336e8d71965cb3d35a1bbb7868445a7c05264bf"
  integrity sha512-wa7YjyUGfNZngI/vtK0UHAN+lgDCxBPCylVXGp0zu59Fz5aiGtNXaq3DhIov063MorB+VfufLh3JlF2KdTK3xg==

webidl-conversions@^3.0.0:
  version "3.0.1"
  resolved "https://registry.npmmirror.com/webidl-conversions/-/webidl-conversions-3.0.1.tgz#24534275e2a7bc6be7bc86611cc16ae0a5654871"
  integrity sha512-2JAn3z8AR6rjK8Sm8orRC0h/bcl/DqL7tRPdGZ4I1CjdF+EaMLmYxBHyXuKL849eucPFhvBoxMsflfOb8kxaeQ==

whatwg-url@^5.0.0:
  version "5.0.0"
  resolved "https://registry.npmmirror.com/whatwg-url/-/whatwg-url-5.0.0.tgz#966454e8765462e37644d3626f6742ce8b70965d"
  integrity sha512-saE57nupxk6v3HY35+jzBwYa0rKSy0XR8JSxZPwgLr7ys0IBzhGviA1/TUGJLmSVqs8pb9AnvICXEuOHLprYTw==
  dependencies:
    tr46 "~0.0.3"
    webidl-conversions "^3.0.0"

wrap-ansi@^7.0.0:
  version "7.0.0"
  resolved "https://registry.npmmirror.com/wrap-ansi/-/wrap-ansi-7.0.0.tgz#67e145cff510a6a6984bdf1152911d69d2eb9e43"
  integrity sha512-YVGIj2kamLSTxw6NsZjoBxfSwsn0ycdesmc4p+Q21c5zPuZ1pl+NfxVdxPtdHvmNVOQ6XSYG4AUtyt/Fi7D16Q==
  dependencies:
    ansi-styles "^4.0.0"
    string-width "^4.1.0"
    strip-ansi "^6.0.0"

y18n@^5.0.5:
  version "5.0.8"
  resolved "https://registry.npmmirror.com/y18n/-/y18n-5.0.8.tgz#7f4934d0f7ca8c56f95314939ddcd2dd91ce1d55"
  integrity sha512-0pfFzegeDWJHJIAmTLRP2DwHjdF5s7jo9tuztdQxAhINCdvS+3nGINqPd00AphqJR/0LhANUS6/+7SCb98YOfA==

yaml@^1.10.0:
  version "1.10.2"
  resolved "https://registry.npmmirror.com/yaml/-/yaml-1.10.2.tgz#2301c5ffbf12b467de8da2333a459e29e7920e4b"
  integrity sha512-r3vXyErRCYJ7wg28yvBY5VSoAF8ZvlcW9/BwUzEtUsjvX/DKs24dIkuwjtuprwJJHsbyUbLApepYTR1BN4uHrg==

yargs-parser@^21.1.1:
  version "21.1.1"
  resolved "https://registry.npmmirror.com/yargs-parser/-/yargs-parser-21.1.1.tgz#9096bceebf990d21bb31fa9516e0ede294a77d35"
  integrity sha512-tVpsJW7DdjecAiFpbIB1e3qxIQsE6NoPc5/eTdrbbIC4h0LVsWhnoa3g+m2HclBIujHzsxZ4VJVA+GUuc2/LBw==

yargs@^17.0.1:
  version "17.7.2"
  resolved "https://registry.npmmirror.com/yargs/-/yargs-17.7.2.tgz#991df39aca675a192b816e1e0363f9d75d2aa269"
  integrity sha512-7dSzzRQ++CKnNI/krKnYRV7JKKPUXMEh61soaHKg9mrWEhzFWhFnxPxGl+69cD1Ou63C13NUPCnmIcrvqCuM6w==
  dependencies:
    cliui "^8.0.1"
    escalade "^3.1.1"
    get-caller-file "^2.0.5"
    require-directory "^2.1.1"
    string-width "^4.2.3"
    y18n "^5.0.5"
    yargs-parser "^21.1.1"

yn@3.1.1:
  version "3.1.1"
  resolved "https://registry.npmmirror.com/yn/-/yn-3.1.1.tgz#1e87401a09d767c1d5eab26a6e4c185182d2eb50"
  integrity sha512-Ux4ygGWsu2c7isFWe8Yu1YluJmqVhxqK2cLXNQA5AcC3QfbGNpM7fu0Y8b/z16pXLnFxZYvWhd3fhBY9DLmC6Q==
